<Solution>
    <Folder Name="/benchmarks/">
        <Project Path="benchmarks/ReactiveUI.Primitives.Benchmarks/ReactiveUI.Primitives.Benchmarks.csproj" />
        <Project Path="benchmarks/ReactiveUI.Primitives.ObservableEvents.Benchmarks/ReactiveUI.Primitives.ObservableEvents.Benchmarks.csproj" />
    </Folder>
    <Folder Name="/SolutionConfig/">
        <File Path="../.editorconfig" />
        <File Path="../.gitattributes" />
        <File Path="../.github/workflows/ci-build.yml" />
        <File Path="../.gitignore" />
        <File Path="../AGENTS.md" />
        <File Path="../CLAUDE.md" />
        <File Path="../LICENSE" />
        <File Path="../README.md" />
        <File Path="../Skill.md" />
        <File Path="..\codecov.yml" />
        <File Path="Directory.Build.props" />
        <File Path="Directory.Build.targets" />
        <File Path="Directory.Packages.props" />
        <File Path="global.json" />
        <File Path="testconfig.json" />
    </Folder>
    <Folder Name="/Lean/">
        <Project Path="ReactiveUI.Primitives.Avalonia/ReactiveUI.Primitives.Avalonia.csproj" />
        <Project Path="ReactiveUI.Primitives.Async/ReactiveUI.Primitives.Async.csproj" />
        <Project Path="ReactiveUI.Primitives.Blazor/ReactiveUI.Primitives.Blazor.csproj" />
        <Project Path="ReactiveUI.Primitives.Maui/ReactiveUI.Primitives.Maui.csproj" />
        <Project Path="ReactiveUI.Primitives.WinForms/ReactiveUI.Primitives.WinForms.csproj" />
        <Project Path="ReactiveUI.Primitives.WinUI/ReactiveUI.Primitives.WinUI.csproj" />
        <Project Path="ReactiveUI.Primitives.Wpf/ReactiveUI.Primitives.Wpf.csproj" />
        <Project Path="ReactiveUI.Primitives/ReactiveUI.Primitives.csproj" />
    </Folder>
    <Folder Name="/Reactive/">
        <Project Path="ReactiveUI.Primitives.Avalonia.Reactive/ReactiveUI.Primitives.Avalonia.Reactive.csproj" />
        <Project Path="ReactiveUI.Primitives.Async.Reactive/ReactiveUI.Primitives.Async.Reactive.csproj" />
        <Project Path="ReactiveUI.Primitives.Blazor.Reactive/ReactiveUI.Primitives.Blazor.Reactive.csproj" />
        <Project Path="ReactiveUI.Primitives.Maui.Reactive/ReactiveUI.Primitives.Maui.Reactive.csproj" />
        <Project Path="ReactiveUI.Primitives.Reactive/ReactiveUI.Primitives.Reactive.csproj" />
        <Project Path="ReactiveUI.Primitives.WinForms.Reactive/ReactiveUI.Primitives.WinForms.Reactive.csproj" />
        <Project Path="ReactiveUI.Primitives.WinUI.Reactive/ReactiveUI.Primitives.WinUI.Reactive.csproj" />
        <Project Path="ReactiveUI.Primitives.Wpf.Reactive/ReactiveUI.Primitives.Wpf.Reactive.csproj" />
    </Folder>
    <Folder Name="/tests/">
        <Project Path="tests/ReactiveUI.Disposables.Tests/ReactiveUI.Disposables.Tests.csproj" />
        <Project Path="tests/ReactiveUI.Primitives.ObservableEvents.Tests/ReactiveUI.Primitives.ObservableEvents.Tests.csproj" />
    </Folder>
    <Folder Name="/tests/Lean/">
        <Project Path="tests/ReactiveUI.Primitives.Avalonia.Tests/ReactiveUI.Primitives.Avalonia.Tests.csproj" />
        <Project Path="tests/ReactiveUI.Primitives.Async.Tests/ReactiveUI.Primitives.Async.Tests.csproj" />
        <Project Path="tests/ReactiveUI.Primitives.Blazor.Tests/ReactiveUI.Primitives.Blazor.Tests.csproj" />
        <Project Path="tests/ReactiveUI.Primitives.Extensions.Tests/ReactiveUI.Primitives.Extensions.Tests.csproj" />
        <Project Path="tests/ReactiveUI.Primitives.Maui.Tests/ReactiveUI.Primitives.Maui.Tests.csproj" />
        <Project Path="tests/ReactiveUI.Primitives.Tests/ReactiveUI.Primitives.Tests.csproj" />
        <Project Path="tests/ReactiveUI.Primitives.WinForms.Tests/ReactiveUI.Primitives.WinForms.Tests.csproj" />
        <Project Path="tests/ReactiveUI.Primitives.WinUI.Tests/ReactiveUI.Primitives.WinUI.Tests.csproj" />
        <Project Path="tests/ReactiveUI.Primitives.Wpf.Tests/ReactiveUI.Primitives.Wpf.Tests.csproj" />
    </Folder>
    <Folder Name="/tests/Reactive/">
        <Project Path="tests/ReactiveUI.Primitives.Avalonia.Reactive.Tests/ReactiveUI.Primitives.Avalonia.Reactive.Tests.csproj" />
        <Project Path="tests/ReactiveUI.Primitives.Async.Reactive.Tests/ReactiveUI.Primitives.Async.Reactive.Tests.csproj" />
        <Project Path="tests/ReactiveUI.Primitives.Blazor.Reactive.Tests/ReactiveUI.Primitives.Blazor.Reactive.Tests.csproj" />
        <Project Path="tests/ReactiveUI.Primitives.Extensions.Reactive.Tests/ReactiveUI.Primitives.Extensions.Reactive.Tests.csproj" />
        <Project Path="tests/ReactiveUI.Primitives.Maui.Reactive.Tests/ReactiveUI.Primitives.Maui.Reactive.Tests.csproj" />
        <Project Path="tests/ReactiveUI.Primitives.Reactive.Tests/ReactiveUI.Primitives.Reactive.Tests.csproj" />
        <Project Path="tests/ReactiveUI.Primitives.WinForms.Reactive.Tests/ReactiveUI.Primitives.WinForms.Reactive.Tests.csproj" />
        <Project Path="tests/ReactiveUI.Primitives.WinUI.Reactive.Tests/ReactiveUI.Primitives.WinUI.Reactive.Tests.csproj" />
        <Project Path="tests/ReactiveUI.Primitives.Wpf.Reactive.Tests/ReactiveUI.Primitives.Wpf.Reactive.Tests.csproj" />
    </Folder>
    <Project Path="ReactiveUI.Disposables/ReactiveUI.Disposables.csproj" />
    <Project Path="ReactiveUI.Primitives.Async.Core/ReactiveUI.Primitives.Async.Core.csproj" />
    <Project Path="ReactiveUI.Primitives.Core/ReactiveUI.Primitives.Core.csproj" />
    <Project Path="ReactiveUI.Primitives.ObservableEvents/ReactiveUI.Primitives.ObservableEvents.csproj" />
    <Project Path="ReactiveUI.Primitives.R3Bridge.Generator/ReactiveUI.Primitives.R3Bridge.Generator.csproj" />
</Solution>
