<Solution>
    <Folder Name="/benchmarks/">
        <Project Path="benchmarks/ReactiveUI.Primitives.Benchmarks/ReactiveUI.Primitives.Benchmarks.csproj" />
    </Folder>
    <Folder Name="/SolutionConfig/">
        <File Path="../.editorconfig" />
        <File Path="../.gitattributes" />
        <File Path="../.github/workflows/ci-build.yml" />
        <File Path="../.gitignore" />
        <File Path="../LICENSE" />
        <File Path="../README.md" />
        <File Path="directory.build.props" />
        <File Path="directory.build.targets" />
        <File Path="directory.packages.props" />
        <File Path="global.json" />
        <File Path="stylecop.json" />
        <File Path="testconfig.json" />
    </Folder>
    <Folder Name="/tests/">
        <Project Path="tests/ReactiveUI.Primitives.Tests/ReactiveUI.Primitives.Tests.csproj" />
    </Folder>
    <Project Path="ReactiveUI.Primitives.R3Bridge.Generator/ReactiveUI.Primitives.R3Bridge.Generator.csproj" />
    <Project Path="ReactiveUI.Primitives.SystemReactiveBridge.Generator/ReactiveUI.Primitives.SystemReactiveBridge.Generator.csproj" />
    <Project Path="ReactiveUI.Primitives/ReactiveUI.Primitives.csproj" />
    <Project Path="ReactiveUI.Primitives.Async/ReactiveUI.Primitives.Async.csproj" />
    <Project Path="ReactiveUI.Primitives.Blazor/ReactiveUI.Primitives.Blazor.csproj" />
    <Project Path="ReactiveUI.Primitives.Maui/ReactiveUI.Primitives.Maui.csproj" />
    <Project Path="ReactiveUI.Primitives.WinUI/ReactiveUI.Primitives.WinUI.csproj" />
    <Project Path="ReactiveUI.Primitives.WinForms/ReactiveUI.Primitives.WinForms.csproj" />
    <Project Path="ReactiveUI.Primitives.Wpf/ReactiveUI.Primitives.Wpf.csproj" />
</Solution>
